Microsoft Visual Studio Solution File, Format Version 12.00
# Visual Studio 2012
Project("{FAE04EC0-301F-11D3-BF4B-00C04F79EFBC}") = "compogo-server", "compogo-server.csproj", "{07E1A3E3-10FD-4FF6-9CD4-B6FF75A41113}"
EndProject
Global
	GlobalSection(SolutionConfigurationPlatforms) = preSolution
	Debug|Any CPU = Debug|Any CPU
	ExportDebug|Any CPU = ExportDebug|Any CPU
	ExportRelease|Any CPU = ExportRelease|Any CPU
	EndGlobalSection
	GlobalSection(ProjectConfigurationPlatforms) = postSolution
		{07E1A3E3-10FD-4FF6-9CD4-B6FF75A41113}.Debug|Any CPU.ActiveCfg = Debug|Any CPU
		{07E1A3E3-10FD-4FF6-9CD4-B6FF75A41113}.Debug|Any CPU.Build.0 = Debug|Any CPU
		{07E1A3E3-10FD-4FF6-9CD4-B6FF75A41113}.ExportDebug|Any CPU.ActiveCfg = ExportDebug|Any CPU
		{07E1A3E3-10FD-4FF6-9CD4-B6FF75A41113}.ExportDebug|Any CPU.Build.0 = ExportDebug|Any CPU
		{07E1A3E3-10FD-4FF6-9CD4-B6FF75A41113}.ExportRelease|Any CPU.ActiveCfg = ExportRelease|Any CPU
		{07E1A3E3-10FD-4FF6-9CD4-B6FF75A41113}.ExportRelease|Any CPU.Build.0 = ExportRelease|Any CPU
	EndGlobalSection
EndGlobal
